
Microsoft Visual Studio Solution File, Format Version 12.00
# Visual Studio 15
VisualStudioVersion = 15.0.26124.0
MinimumVisualStudioVersion = 15.0.26124.0
Project("{FAE04EC0-301F-11D3-BF4B-00C04F79EFBC}") = "Discover", "Discover\Discover.csproj", "{847486BD-9EE8-480E-AD63-931AA74909D0}"
EndProject
Project("{FAE04EC0-301F-11D3-BF4B-00C04F79EFBC}") = "Bitmap", "Bitmap\Bitmap.csproj", "{56E0BAFE-A24C-4FD9-B521-D92A2BCE06E7}"
EndProject
Project("{FAE04EC0-301F-11D3-BF4B-00C04F79EFBC}") = "DelegateForm", "DelegateForm\DelegateForm.csproj", "{1FA80E0A-F373-426A-B2D7-070749A7750C}"
EndProject
Project("{FAE04EC0-301F-11D3-BF4B-00C04F79EFBC}") = "ParallelLayer", "ParallelLayer\ParallelLayer.csproj", "{4685183A-2760-4588-9B45-5A32F8943A41}"
EndProject
Project("{FAE04EC0-301F-11D3-BF4B-00C04F79EFBC}") = "USBLayer", "USBLayer\USBLayer.csproj", "{53E44CBC-ADEC-47A8-9476-E0561A447C5F}"
EndProject
Project("{FAE04EC0-301F-11D3-BF4B-00C04F79EFBC}") = "UDPMsgBox", "UDPMsgBox\UDPMsgBox.csproj", "{00F9A6F8-6AD3-489C-93DD-05CC6BC65771}"
EndProject
Project("{FAE04EC0-301F-11D3-BF4B-00C04F79EFBC}") = "MySqlPipe", "MySqlPipe\MySqlPipe.csproj", "{A5080702-55E3-431B-918D-83F40A8934B4}"
EndProject
Project("{FAE04EC0-301F-11D3-BF4B-00C04F79EFBC}") = "ComPort", "ComPort\ComPort.csproj", "{78296644-460D-4FB2-BF57-7F53C9C9C1C4}"
EndProject
Project("{FAE04EC0-301F-11D3-BF4B-00C04F79EFBC}") = "Magellan", "Magellan\Magellan.csproj", "{819A3513-08D6-4F97-A6CD-E848D76DC231}"
EndProject
Project("{FAE04EC0-301F-11D3-BF4B-00C04F79EFBC}") = "SPH", "SPH\SPH.csproj", "{1EEE8A3D-A684-4596-B31C-47BD525BEBE4}"
EndProject
Project("{FAE04EC0-301F-11D3-BF4B-00C04F79EFBC}") = "Watcher", "Watcher\Watcher.csproj", "{E8FA0019-BE04-4B24-8B2B-7686FE698C8D}"
EndProject
Project("{F2A71F9B-5D33-465A-A702-920D77279786}") = "FHttp", "FHttp\FHttp.fsproj", "{44AD014F-C70D-49A3-ACDA-634929DD282E}"
EndProject
Global
	GlobalSection(SolutionConfigurationPlatforms) = preSolution
		Debug|Any CPU = Debug|Any CPU
		Debug|x64 = Debug|x64
		Debug|x86 = Debug|x86
		Release|Any CPU = Release|Any CPU
		Release|x64 = Release|x64
		Release|x86 = Release|x86
	EndGlobalSection
	GlobalSection(SolutionProperties) = preSolution
		HideSolutionNode = FALSE
	EndGlobalSection
	GlobalSection(ProjectConfigurationPlatforms) = postSolution
		{847486BD-9EE8-480E-AD63-931AA74909D0}.Debug|Any CPU.ActiveCfg = Debug|Any CPU
		{847486BD-9EE8-480E-AD63-931AA74909D0}.Debug|Any CPU.Build.0 = Debug|Any CPU
		{847486BD-9EE8-480E-AD63-931AA74909D0}.Debug|x64.ActiveCfg = Debug|Any CPU
		{847486BD-9EE8-480E-AD63-931AA74909D0}.Debug|x64.Build.0 = Debug|Any CPU
		{847486BD-9EE8-480E-AD63-931AA74909D0}.Debug|x86.ActiveCfg = Debug|Any CPU
		{847486BD-9EE8-480E-AD63-931AA74909D0}.Debug|x86.Build.0 = Debug|Any CPU
		{847486BD-9EE8-480E-AD63-931AA74909D0}.Release|Any CPU.ActiveCfg = Release|Any CPU
		{847486BD-9EE8-480E-AD63-931AA74909D0}.Release|Any CPU.Build.0 = Release|Any CPU
		{847486BD-9EE8-480E-AD63-931AA74909D0}.Release|x64.ActiveCfg = Release|Any CPU
		{847486BD-9EE8-480E-AD63-931AA74909D0}.Release|x64.Build.0 = Release|Any CPU
		{847486BD-9EE8-480E-AD63-931AA74909D0}.Release|x86.ActiveCfg = Release|Any CPU
		{847486BD-9EE8-480E-AD63-931AA74909D0}.Release|x86.Build.0 = Release|Any CPU
		{56E0BAFE-A24C-4FD9-B521-D92A2BCE06E7}.Debug|Any CPU.ActiveCfg = Debug|Any CPU
		{56E0BAFE-A24C-4FD9-B521-D92A2BCE06E7}.Debug|Any CPU.Build.0 = Debug|Any CPU
		{56E0BAFE-A24C-4FD9-B521-D92A2BCE06E7}.Debug|x64.ActiveCfg = Debug|Any CPU
		{56E0BAFE-A24C-4FD9-B521-D92A2BCE06E7}.Debug|x64.Build.0 = Debug|Any CPU
		{56E0BAFE-A24C-4FD9-B521-D92A2BCE06E7}.Debug|x86.ActiveCfg = Debug|Any CPU
		{56E0BAFE-A24C-4FD9-B521-D92A2BCE06E7}.Debug|x86.Build.0 = Debug|Any CPU
		{56E0BAFE-A24C-4FD9-B521-D92A2BCE06E7}.Release|Any CPU.ActiveCfg = Release|Any CPU
		{56E0BAFE-A24C-4FD9-B521-D92A2BCE06E7}.Release|Any CPU.Build.0 = Release|Any CPU
		{56E0BAFE-A24C-4FD9-B521-D92A2BCE06E7}.Release|x64.ActiveCfg = Release|Any CPU
		{56E0BAFE-A24C-4FD9-B521-D92A2BCE06E7}.Release|x64.Build.0 = Release|Any CPU
		{56E0BAFE-A24C-4FD9-B521-D92A2BCE06E7}.Release|x86.ActiveCfg = Release|Any CPU
		{56E0BAFE-A24C-4FD9-B521-D92A2BCE06E7}.Release|x86.Build.0 = Release|Any CPU
		{1FA80E0A-F373-426A-B2D7-070749A7750C}.Debug|Any CPU.ActiveCfg = Debug|Any CPU
		{1FA80E0A-F373-426A-B2D7-070749A7750C}.Debug|Any CPU.Build.0 = Debug|Any CPU
		{1FA80E0A-F373-426A-B2D7-070749A7750C}.Debug|x64.ActiveCfg = Debug|Any CPU
		{1FA80E0A-F373-426A-B2D7-070749A7750C}.Debug|x64.Build.0 = Debug|Any CPU
		{1FA80E0A-F373-426A-B2D7-070749A7750C}.Debug|x86.ActiveCfg = Debug|Any CPU
		{1FA80E0A-F373-426A-B2D7-070749A7750C}.Debug|x86.Build.0 = Debug|Any CPU
		{1FA80E0A-F373-426A-B2D7-070749A7750C}.Release|Any CPU.ActiveCfg = Release|Any CPU
		{1FA80E0A-F373-426A-B2D7-070749A7750C}.Release|Any CPU.Build.0 = Release|Any CPU
		{1FA80E0A-F373-426A-B2D7-070749A7750C}.Release|x64.ActiveCfg = Release|Any CPU
		{1FA80E0A-F373-426A-B2D7-070749A7750C}.Release|x64.Build.0 = Release|Any CPU
		{1FA80E0A-F373-426A-B2D7-070749A7750C}.Release|x86.ActiveCfg = Release|Any CPU
		{1FA80E0A-F373-426A-B2D7-070749A7750C}.Release|x86.Build.0 = Release|Any CPU
		{4685183A-2760-4588-9B45-5A32F8943A41}.Debug|Any CPU.ActiveCfg = Debug|Any CPU
		{4685183A-2760-4588-9B45-5A32F8943A41}.Debug|Any CPU.Build.0 = Debug|Any CPU
		{4685183A-2760-4588-9B45-5A32F8943A41}.Debug|x64.ActiveCfg = Debug|Any CPU
		{4685183A-2760-4588-9B45-5A32F8943A41}.Debug|x64.Build.0 = Debug|Any CPU
		{4685183A-2760-4588-9B45-5A32F8943A41}.Debug|x86.ActiveCfg = Debug|Any CPU
		{4685183A-2760-4588-9B45-5A32F8943A41}.Debug|x86.Build.0 = Debug|Any CPU
		{4685183A-2760-4588-9B45-5A32F8943A41}.Release|Any CPU.ActiveCfg = Release|Any CPU
		{4685183A-2760-4588-9B45-5A32F8943A41}.Release|Any CPU.Build.0 = Release|Any CPU
		{4685183A-2760-4588-9B45-5A32F8943A41}.Release|x64.ActiveCfg = Release|Any CPU
		{4685183A-2760-4588-9B45-5A32F8943A41}.Release|x64.Build.0 = Release|Any CPU
		{4685183A-2760-4588-9B45-5A32F8943A41}.Release|x86.ActiveCfg = Release|Any CPU
		{4685183A-2760-4588-9B45-5A32F8943A41}.Release|x86.Build.0 = Release|Any CPU
		{53E44CBC-ADEC-47A8-9476-E0561A447C5F}.Debug|Any CPU.ActiveCfg = Debug|Any CPU
		{53E44CBC-ADEC-47A8-9476-E0561A447C5F}.Debug|Any CPU.Build.0 = Debug|Any CPU
		{53E44CBC-ADEC-47A8-9476-E0561A447C5F}.Debug|x64.ActiveCfg = Debug|Any CPU
		{53E44CBC-ADEC-47A8-9476-E0561A447C5F}.Debug|x64.Build.0 = Debug|Any CPU
		{53E44CBC-ADEC-47A8-9476-E0561A447C5F}.Debug|x86.ActiveCfg = Debug|Any CPU
		{53E44CBC-ADEC-47A8-9476-E0561A447C5F}.Debug|x86.Build.0 = Debug|Any CPU
		{53E44CBC-ADEC-47A8-9476-E0561A447C5F}.Release|Any CPU.ActiveCfg = Release|Any CPU
		{53E44CBC-ADEC-47A8-9476-E0561A447C5F}.Release|Any CPU.Build.0 = Release|Any CPU
		{53E44CBC-ADEC-47A8-9476-E0561A447C5F}.Release|x64.ActiveCfg = Release|Any CPU
		{53E44CBC-ADEC-47A8-9476-E0561A447C5F}.Release|x64.Build.0 = Release|Any CPU
		{53E44CBC-ADEC-47A8-9476-E0561A447C5F}.Release|x86.ActiveCfg = Release|Any CPU
		{53E44CBC-ADEC-47A8-9476-E0561A447C5F}.Release|x86.Build.0 = Release|Any CPU
		{00F9A6F8-6AD3-489C-93DD-05CC6BC65771}.Debug|Any CPU.ActiveCfg = Debug|Any CPU
		{00F9A6F8-6AD3-489C-93DD-05CC6BC65771}.Debug|Any CPU.Build.0 = Debug|Any CPU
		{00F9A6F8-6AD3-489C-93DD-05CC6BC65771}.Debug|x64.ActiveCfg = Debug|Any CPU
		{00F9A6F8-6AD3-489C-93DD-05CC6BC65771}.Debug|x64.Build.0 = Debug|Any CPU
		{00F9A6F8-6AD3-489C-93DD-05CC6BC65771}.Debug|x86.ActiveCfg = Debug|Any CPU
		{00F9A6F8-6AD3-489C-93DD-05CC6BC65771}.Debug|x86.Build.0 = Debug|Any CPU
		{00F9A6F8-6AD3-489C-93DD-05CC6BC65771}.Release|Any CPU.ActiveCfg = Release|Any CPU
		{00F9A6F8-6AD3-489C-93DD-05CC6BC65771}.Release|Any CPU.Build.0 = Release|Any CPU
		{00F9A6F8-6AD3-489C-93DD-05CC6BC65771}.Release|x64.ActiveCfg = Release|Any CPU
		{00F9A6F8-6AD3-489C-93DD-05CC6BC65771}.Release|x64.Build.0 = Release|Any CPU
		{00F9A6F8-6AD3-489C-93DD-05CC6BC65771}.Release|x86.ActiveCfg = Release|Any CPU
		{00F9A6F8-6AD3-489C-93DD-05CC6BC65771}.Release|x86.Build.0 = Release|Any CPU
		{A5080702-55E3-431B-918D-83F40A8934B4}.Debug|Any CPU.ActiveCfg = Debug|Any CPU
		{A5080702-55E3-431B-918D-83F40A8934B4}.Debug|Any CPU.Build.0 = Debug|Any CPU
		{A5080702-55E3-431B-918D-83F40A8934B4}.Debug|x64.ActiveCfg = Debug|Any CPU
		{A5080702-55E3-431B-918D-83F40A8934B4}.Debug|x64.Build.0 = Debug|Any CPU
		{A5080702-55E3-431B-918D-83F40A8934B4}.Debug|x86.ActiveCfg = Debug|Any CPU
		{A5080702-55E3-431B-918D-83F40A8934B4}.Debug|x86.Build.0 = Debug|Any CPU
		{A5080702-55E3-431B-918D-83F40A8934B4}.Release|Any CPU.ActiveCfg = Release|Any CPU
		{A5080702-55E3-431B-918D-83F40A8934B4}.Release|Any CPU.Build.0 = Release|Any CPU
		{A5080702-55E3-431B-918D-83F40A8934B4}.Release|x64.ActiveCfg = Release|Any CPU
		{A5080702-55E3-431B-918D-83F40A8934B4}.Release|x64.Build.0 = Release|Any CPU
		{A5080702-55E3-431B-918D-83F40A8934B4}.Release|x86.ActiveCfg = Release|Any CPU
		{A5080702-55E3-431B-918D-83F40A8934B4}.Release|x86.Build.0 = Release|Any CPU
		{78296644-460D-4FB2-BF57-7F53C9C9C1C4}.Debug|Any CPU.ActiveCfg = Debug|Any CPU
		{78296644-460D-4FB2-BF57-7F53C9C9C1C4}.Debug|Any CPU.Build.0 = Debug|Any CPU
		{78296644-460D-4FB2-BF57-7F53C9C9C1C4}.Debug|x64.ActiveCfg = Debug|Any CPU
		{78296644-460D-4FB2-BF57-7F53C9C9C1C4}.Debug|x64.Build.0 = Debug|Any CPU
		{78296644-460D-4FB2-BF57-7F53C9C9C1C4}.Debug|x86.ActiveCfg = Debug|Any CPU
		{78296644-460D-4FB2-BF57-7F53C9C9C1C4}.Debug|x86.Build.0 = Debug|Any CPU
		{78296644-460D-4FB2-BF57-7F53C9C9C1C4}.Release|Any CPU.ActiveCfg = Release|Any CPU
		{78296644-460D-4FB2-BF57-7F53C9C9C1C4}.Release|Any CPU.Build.0 = Release|Any CPU
		{78296644-460D-4FB2-BF57-7F53C9C9C1C4}.Release|x64.ActiveCfg = Release|Any CPU
		{78296644-460D-4FB2-BF57-7F53C9C9C1C4}.Release|x64.Build.0 = Release|Any CPU
		{78296644-460D-4FB2-BF57-7F53C9C9C1C4}.Release|x86.ActiveCfg = Release|Any CPU
		{78296644-460D-4FB2-BF57-7F53C9C9C1C4}.Release|x86.Build.0 = Release|Any CPU
		{819A3513-08D6-4F97-A6CD-E848D76DC231}.Debug|Any CPU.ActiveCfg = Debug|Any CPU
		{819A3513-08D6-4F97-A6CD-E848D76DC231}.Debug|Any CPU.Build.0 = Debug|Any CPU
		{819A3513-08D6-4F97-A6CD-E848D76DC231}.Debug|x64.ActiveCfg = Debug|Any CPU
		{819A3513-08D6-4F97-A6CD-E848D76DC231}.Debug|x64.Build.0 = Debug|Any CPU
		{819A3513-08D6-4F97-A6CD-E848D76DC231}.Debug|x86.ActiveCfg = Debug|Any CPU
		{819A3513-08D6-4F97-A6CD-E848D76DC231}.Debug|x86.Build.0 = Debug|Any CPU
		{819A3513-08D6-4F97-A6CD-E848D76DC231}.Release|Any CPU.ActiveCfg = Release|Any CPU
		{819A3513-08D6-4F97-A6CD-E848D76DC231}.Release|Any CPU.Build.0 = Release|Any CPU
		{819A3513-08D6-4F97-A6CD-E848D76DC231}.Release|x64.ActiveCfg = Release|Any CPU
		{819A3513-08D6-4F97-A6CD-E848D76DC231}.Release|x64.Build.0 = Release|Any CPU
		{819A3513-08D6-4F97-A6CD-E848D76DC231}.Release|x86.ActiveCfg = Release|Any CPU
		{819A3513-08D6-4F97-A6CD-E848D76DC231}.Release|x86.Build.0 = Release|Any CPU
		{1EEE8A3D-A684-4596-B31C-47BD525BEBE4}.Debug|Any CPU.ActiveCfg = Debug|Any CPU
		{1EEE8A3D-A684-4596-B31C-47BD525BEBE4}.Debug|Any CPU.Build.0 = Debug|Any CPU
		{1EEE8A3D-A684-4596-B31C-47BD525BEBE4}.Debug|x64.ActiveCfg = Debug|Any CPU
		{1EEE8A3D-A684-4596-B31C-47BD525BEBE4}.Debug|x64.Build.0 = Debug|Any CPU
		{1EEE8A3D-A684-4596-B31C-47BD525BEBE4}.Debug|x86.ActiveCfg = Debug|Any CPU
		{1EEE8A3D-A684-4596-B31C-47BD525BEBE4}.Debug|x86.Build.0 = Debug|Any CPU
		{1EEE8A3D-A684-4596-B31C-47BD525BEBE4}.Release|Any CPU.ActiveCfg = Release|Any CPU
		{1EEE8A3D-A684-4596-B31C-47BD525BEBE4}.Release|Any CPU.Build.0 = Release|Any CPU
		{1EEE8A3D-A684-4596-B31C-47BD525BEBE4}.Release|x64.ActiveCfg = Release|Any CPU
		{1EEE8A3D-A684-4596-B31C-47BD525BEBE4}.Release|x64.Build.0 = Release|Any CPU
		{1EEE8A3D-A684-4596-B31C-47BD525BEBE4}.Release|x86.ActiveCfg = Release|Any CPU
		{1EEE8A3D-A684-4596-B31C-47BD525BEBE4}.Release|x86.Build.0 = Release|Any CPU
		{E8FA0019-BE04-4B24-8B2B-7686FE698C8D}.Debug|Any CPU.ActiveCfg = Debug|Any CPU
		{E8FA0019-BE04-4B24-8B2B-7686FE698C8D}.Debug|Any CPU.Build.0 = Debug|Any CPU
		{E8FA0019-BE04-4B24-8B2B-7686FE698C8D}.Debug|x64.ActiveCfg = Debug|Any CPU
		{E8FA0019-BE04-4B24-8B2B-7686FE698C8D}.Debug|x64.Build.0 = Debug|Any CPU
		{E8FA0019-BE04-4B24-8B2B-7686FE698C8D}.Debug|x86.ActiveCfg = Debug|Any CPU
		{E8FA0019-BE04-4B24-8B2B-7686FE698C8D}.Debug|x86.Build.0 = Debug|Any CPU
		{E8FA0019-BE04-4B24-8B2B-7686FE698C8D}.Release|Any CPU.ActiveCfg = Release|Any CPU
		{E8FA0019-BE04-4B24-8B2B-7686FE698C8D}.Release|Any CPU.Build.0 = Release|Any CPU
		{E8FA0019-BE04-4B24-8B2B-7686FE698C8D}.Release|x64.ActiveCfg = Release|Any CPU
		{E8FA0019-BE04-4B24-8B2B-7686FE698C8D}.Release|x64.Build.0 = Release|Any CPU
		{E8FA0019-BE04-4B24-8B2B-7686FE698C8D}.Release|x86.ActiveCfg = Release|Any CPU
		{E8FA0019-BE04-4B24-8B2B-7686FE698C8D}.Release|x86.Build.0 = Release|Any CPU
		{44AD014F-C70D-49A3-ACDA-634929DD282E}.Debug|Any CPU.ActiveCfg = Debug|Any CPU
		{44AD014F-C70D-49A3-ACDA-634929DD282E}.Debug|Any CPU.Build.0 = Debug|Any CPU
		{44AD014F-C70D-49A3-ACDA-634929DD282E}.Debug|x64.ActiveCfg = Debug|Any CPU
		{44AD014F-C70D-49A3-ACDA-634929DD282E}.Debug|x64.Build.0 = Debug|Any CPU
		{44AD014F-C70D-49A3-ACDA-634929DD282E}.Debug|x86.ActiveCfg = Debug|Any CPU
		{44AD014F-C70D-49A3-ACDA-634929DD282E}.Debug|x86.Build.0 = Debug|Any CPU
		{44AD014F-C70D-49A3-ACDA-634929DD282E}.Release|Any CPU.ActiveCfg = Release|Any CPU
		{44AD014F-C70D-49A3-ACDA-634929DD282E}.Release|Any CPU.Build.0 = Release|Any CPU
		{44AD014F-C70D-49A3-ACDA-634929DD282E}.Release|x64.ActiveCfg = Release|Any CPU
		{44AD014F-C70D-49A3-ACDA-634929DD282E}.Release|x64.Build.0 = Release|Any CPU
		{44AD014F-C70D-49A3-ACDA-634929DD282E}.Release|x86.ActiveCfg = Release|Any CPU
		{44AD014F-C70D-49A3-ACDA-634929DD282E}.Release|x86.Build.0 = Release|Any CPU
	EndGlobalSection
EndGlobal
